// !$*UTF8*$!
{
	archiveVersion = 1;
	classes = {
	};
	objectVersion = 50;
	objects = {

/* Begin PBXBuildFile section */
		6308286F2284416E00663D98 /* Witness.framework in Frameworks */ = {isa = PBXBuildFile; fileRef = 6308286D2284408200663D98 /* Witness.framework */; };
		63366A3F2263ADE9002FA4C2 /* AppDelegate.swift in Sources */ = {isa = PBXBuildFile; fileRef = 63366A3E2263ADE9002FA4C2 /* AppDelegate.swift */; };
		63366A412263ADE9002FA4C2 /* ViewController.swift in Sources */ = {isa = PBXBuildFile; fileRef = 63366A402263ADE9002FA4C2 /* ViewController.swift */; };
		63366A432263ADE9002FA4C2 /* Document.swift in Sources */ = {isa = PBXBuildFile; fileRef = 63366A422263ADE9002FA4C2 /* Document.swift */; };
		63366A452263ADEA002FA4C2 /* Assets.xcassets in Resources */ = {isa = PBXBuildFile; fileRef = 63366A442263ADEA002FA4C2 /* Assets.xcassets */; };
		63366A482263ADEA002FA4C2 /* Main.storyboard in Resources */ = {isa = PBXBuildFile; fileRef = 63366A462263ADEA002FA4C2 /* Main.storyboard */; };
		63954D1922900B0500BD0846 /* Preferences.storyboard in Resources */ = {isa = PBXBuildFile; fileRef = 63954D1822900B0500BD0846 /* Preferences.storyboard */; };
		63954D1B22900C3300BD0846 /* PreferencesViewController.swift in Sources */ = {isa = PBXBuildFile; fileRef = 63954D1A22900C3300BD0846 /* PreferencesViewController.swift */; };
		63954D1D22900D9C00BD0846 /* PreferencesWindowController.swift in Sources */ = {isa = PBXBuildFile; fileRef = 63954D1C22900D9C00BD0846 /* PreferencesWindowController.swift */; };
/* End PBXBuildFile section */

/* Begin PBXFileReference section */
		6308286D2284408200663D98 /* Witness.framework */ = {isa = PBXFileReference; lastKnownFileType = wrapper.framework; name = Witness.framework; path = Carthage/Build/Mac/Witness.framework; sourceTree = "<group>"; };
		63366A3B2263ADE9002FA4C2 /* Coral.app */ = {isa = PBXFileReference; explicitFileType = wrapper.application; includeInIndex = 0; path = Coral.app; sourceTree = BUILT_PRODUCTS_DIR; };
		63366A3E2263ADE9002FA4C2 /* AppDelegate.swift */ = {isa = PBXFileReference; lastKnownFileType = sourcecode.swift; path = AppDelegate.swift; sourceTree = "<group>"; };
		63366A402263ADE9002FA4C2 /* ViewController.swift */ = {isa = PBXFileReference; lastKnownFileType = sourcecode.swift; path = ViewController.swift; sourceTree = "<group>"; usesTabs = 0; };
		63366A422263ADE9002FA4C2 /* Document.swift */ = {isa = PBXFileReference; lastKnownFileType = sourcecode.swift; path = Document.swift; sourceTree = "<group>"; };
		63366A442263ADEA002FA4C2 /* Assets.xcassets */ = {isa = PBXFileReference; lastKnownFileType = folder.assetcatalog; name = Assets.xcassets; path = Coral/Assets.xcassets; sourceTree = SOURCE_ROOT; };
		63366A472263ADEA002FA4C2 /* Base */ = {isa = PBXFileReference; lastKnownFileType = file.storyboard; name = Base; path = Base.lproj/Main.storyboard; sourceTree = "<group>"; };
		63366A492263ADEA002FA4C2 /* Info.plist */ = {isa = PBXFileReference; lastKnownFileType = text.plist.xml; path = Info.plist; sourceTree = "<group>"; };
		63366A4A2263ADEA002FA4C2 /* Coral.entitlements */ = {isa = PBXFileReference; lastKnownFileType = text.plist.entitlements; path = Coral.entitlements; sourceTree = "<group>"; };
		63954D1822900B0500BD0846 /* Preferences.storyboard */ = {isa = PBXFileReference; lastKnownFileType = file.storyboard; path = Preferences.storyboard; sourceTree = "<group>"; };
		63954D1A22900C3300BD0846 /* PreferencesViewController.swift */ = {isa = PBXFileReference; lastKnownFileType = sourcecode.swift; path = PreferencesViewController.swift; sourceTree = "<group>"; };
		63954D1C22900D9C00BD0846 /* PreferencesWindowController.swift */ = {isa = PBXFileReference; lastKnownFileType = sourcecode.swift; path = PreferencesWindowController.swift; sourceTree = "<group>"; };
/* End PBXFileReference section */

/* Begin PBXFrameworksBuildPhase section */
		63366A382263ADE9002FA4C2 /* Frameworks */ = {
			isa = PBXFrameworksBuildPhase;
			buildActionMask = 2147483647;
			files = (
				6308286F2284416E00663D98 /* Witness.framework in Frameworks */,
			);
			runOnlyForDeploymentPostprocessing = 0;
		};
/* End PBXFrameworksBuildPhase section */

/* Begin PBXGroup section */
		6308286C2284408200663D98 /* Frameworks */ = {
			isa = PBXGroup;
			children = (
				6308286D2284408200663D98 /* Witness.framework */,
			);
			name = Frameworks;
			sourceTree = "<group>";
		};
		63366A322263ADE9002FA4C2 = {
			isa = PBXGroup;
			children = (
				63954D1722900ADB00BD0846 /* CPreferences */,
				63366A3D2263ADE9002FA4C2 /* Coral */,
				63366A3C2263ADE9002FA4C2 /* Products */,
				6308286C2284408200663D98 /* Frameworks */,
			);
			sourceTree = "<group>";
		};
		63366A3C2263ADE9002FA4C2 /* Products */ = {
			isa = PBXGroup;
			children = (
				63366A3B2263ADE9002FA4C2 /* Coral.app */,
			);
			name = Products;
			sourceTree = "<group>";
		};
		63366A3D2263ADE9002FA4C2 /* Coral */ = {
			isa = PBXGroup;
			children = (
				63366A3E2263ADE9002FA4C2 /* AppDelegate.swift */,
				63366A402263ADE9002FA4C2 /* ViewController.swift */,
				63366A422263ADE9002FA4C2 /* Document.swift */,
				63366A442263ADEA002FA4C2 /* Assets.xcassets */,
				63366A462263ADEA002FA4C2 /* Main.storyboard */,
				63366A492263ADEA002FA4C2 /* Info.plist */,
				63366A4A2263ADEA002FA4C2 /* Coral.entitlements */,
			);
			path = Coral;
			sourceTree = "<group>";
		};
		63954D1722900ADB00BD0846 /* CPreferences */ = {
			isa = PBXGroup;
			children = (
				63954D1822900B0500BD0846 /* Preferences.storyboard */,
				63954D1A22900C3300BD0846 /* PreferencesViewController.swift */,
				63954D1C22900D9C00BD0846 /* PreferencesWindowController.swift */,
			);
			path = CPreferences;
			sourceTree = "<group>";
		};
/* End PBXGroup section */

/* Begin PBXNativeTarget section */
		63366A3A2263ADE9002FA4C2 /* Coral */ = {
			isa = PBXNativeTarget;
			buildConfigurationList = 63366A4D2263ADEA002FA4C2 /* Build configuration list for PBXNativeTarget "Coral" */;
			buildPhases = (
				63366A372263ADE9002FA4C2 /* Sources */,
				63366A382263ADE9002FA4C2 /* Frameworks */,
				63366A392263ADE9002FA4C2 /* Resources */,
				630828702284418900663D98 /* ShellScript */,
			);
			buildRules = (
			);
			dependencies = (
			);
			name = Coral;
			productName = Coral;
			productReference = 63366A3B2263ADE9002FA4C2 /* Coral.app */;
			productType = "com.apple.product-type.application";
		};
/* End PBXNativeTarget section */

/* Begin PBXProject section */
		63366A332263ADE9002FA4C2 /* Project object */ = {
			isa = PBXProject;
			attributes = {
				LastSwiftUpdateCheck = 1010;
				LastUpgradeCheck = 1010;
				ORGANIZATIONNAME = fISH;
				TargetAttributes = {
					63366A3A2263ADE9002FA4C2 = {
						CreatedOnToolsVersion = 10.1;
						LastSwiftMigration = 1020;
						SystemCapabilities = {
							com.apple.Sandbox = {
								enabled = 0;
							};
						};
					};
				};
			};
			buildConfigurationList = 63366A362263ADE9002FA4C2 /* Build configuration list for PBXProject "Coral" */;
			compatibilityVersion = "Xcode 9.3";
			developmentRegion = en;
			hasScannedForEncodings = 0;
			knownRegions = (
				en,
				Base,
			);
			mainGroup = 63366A322263ADE9002FA4C2;
			productRefGroup = 63366A3C2263ADE9002FA4C2 /* Products */;
			projectDirPath = "";
			projectRoot = "";
			targets = (
				63366A3A2263ADE9002FA4C2 /* Coral */,
			);
		};
/* End PBXProject section */

/* Begin PBXResourcesBuildPhase section */
		63366A392263ADE9002FA4C2 /* Resources */ = {
			isa = PBXResourcesBuildPhase;
			buildActionMask = 2147483647;
			files = (
				63954D1922900B0500BD0846 /* Preferences.storyboard in Resources */,
				63366A452263ADEA002FA4C2 /* Assets.xcassets in Resources */,
				63366A482263ADEA002FA4C2 /* Main.storyboard in Resources */,
			);
			runOnlyForDeploymentPostprocessing = 0;
		};
/* End PBXResourcesBuildPhase section */

/* Begin PBXShellScriptBuildPhase section */
		630828702284418900663D98 /* ShellScript */ = {
			isa = PBXShellScriptBuildPhase;
			buildActionMask = 2147483647;
			files = (
			);
			inputFileListPaths = (
			);
			inputPaths = (
				"$(SRCROOT)/Carthage/Build/Mac/Witness.framework",
			);
			outputFileListPaths = (
			);
			outputPaths = (
			);
			runOnlyForDeploymentPostprocessing = 0;
			shellPath = /bin/sh;
			shellScript = "# Type a script or drag a script file from your workspace to insert its path.\n/usr/local/bin/carthage copy-frameworks\n";
		};
/* End PBXShellScriptBuildPhase section */

/* Begin PBXSourcesBuildPhase section */
		63366A372263ADE9002FA4C2 /* Sources */ = {
			isa = PBXSourcesBuildPhase;
			buildActionMask = 2147483647;
			files = (
				63366A412263ADE9002FA4C2 /* ViewController.swift in Sources */,
				63366A3F2263ADE9002FA4C2 /* AppDelegate.swift in Sources */,
				63954D1D22900D9C00BD0846 /* PreferencesWindowController.swift in Sources */,
				63366A432263ADE9002FA4C2 /* Document.swift in Sources */,
				63954D1B22900C3300BD0846 /* PreferencesViewController.swift in Sources */,
			);
			runOnlyForDeploymentPostprocessing = 0;
		};
/* End PBXSourcesBuildPhase section */

/* Begin PBXVariantGroup section */
		63366A462263ADEA002FA4C2 /* Main.storyboard */ = {
			isa = PBXVariantGroup;
			children = (
				63366A472263ADEA002FA4C2 /* Base */,
			);
			name = Main.storyboard;
			sourceTree = "<group>";
		};
/* End PBXVariantGroup section */

/* Begin XCBuildConfiguration section */
		63366A4B2263ADEA002FA4C2 /* Debug */ = {
			isa = XCBuildConfiguration;
			buildSettings = {
				ALWAYS_SEARCH_USER_PATHS = NO;
				CLANG_ANALYZER_NONNULL = YES;
				CLANG_ANALYZER_NUMBER_OBJECT_CONVERSION = YES_AGGRESSIVE;
				CLANG_CXX_LANGUAGE_STANDARD = "gnu++14";
				CLANG_CXX_LIBRARY = "libc++";
				CLANG_ENABLE_MODULES = YES;
				CLANG_ENABLE_OBJC_ARC = YES;
				CLANG_ENABLE_OBJC_WEAK = YES;
				CLANG_WARN_BLOCK_CAPTURE_AUTORELEASING = YES;
				CLANG_WARN_BOOL_CONVERSION = YES;
				CLANG_WARN_COMMA = YES;
				CLANG_WARN_CONSTANT_CONVERSION = YES;
				CLANG_WARN_DEPRECATED_OBJC_IMPLEMENTATIONS = YES;
				CLANG_WARN_DIRECT_OBJC_ISA_USAGE = YES_ERROR;
				CLANG_WARN_DOCUMENTATION_COMMENTS = YES;
				CLANG_WARN_EMPTY_BODY = YES;
				CLANG_WARN_ENUM_CONVERSION = YES;
				CLANG_WARN_INFINITE_RECURSION = YES;
				CLANG_WARN_INT_CONVERSION = YES;
				CLANG_WARN_NON_LITERAL_NULL_CONVERSION = YES;
				CLANG_WARN_OBJC_IMPLICIT_RETAIN_SELF = YES;
				CLANG_WARN_OBJC_LITERAL_CONVERSION = YES;
				CLANG_WARN_OBJC_ROOT_CLASS = YES_ERROR;
				CLANG_WARN_RANGE_LOOP_ANALYSIS = YES;
				CLANG_WARN_STRICT_PROTOTYPES = YES;
				CLANG_WARN_SUSPICIOUS_MOVE = YES;
				CLANG_WARN_UNGUARDED_AVAILABILITY = YES_AGGRESSIVE;
				CLANG_WARN_UNREACHABLE_CODE = YES;
				CLANG_WARN__DUPLICATE_METHOD_MATCH = YES;
				CODE_SIGN_IDENTITY = "Mac Developer";
				COPY_PHASE_STRIP = NO;
				DEBUG_INFORMATION_FORMAT = dwarf;
				ENABLE_STRICT_OBJC_MSGSEND = YES;
				ENABLE_TESTABILITY = YES;
				GCC_C_LANGUAGE_STANDARD = gnu11;
				GCC_DYNAMIC_NO_PIC = NO;
				GCC_NO_COMMON_BLOCKS = YES;
				GCC_OPTIMIZATION_LEVEL = 0;
				GCC_PREPROCESSOR_DEFINITIONS = (
					"DEBUG=1",
					"$(inherited)",
				);
				GCC_WARN_64_TO_32_BIT_CONVERSION = YES;
				GCC_WARN_ABOUT_RETURN_TYPE = YES_ERROR;
				GCC_WARN_UNDECLARED_SELECTOR = YES;
				GCC_WARN_UNINITIALIZED_AUTOS = YES_AGGRESSIVE;
				GCC_WARN_UNUSED_FUNCTION = YES;
				GCC_WARN_UNUSED_VARIABLE = YES;
				MACOSX_DEPLOYMENT_TARGET = 10.14;
				MTL_ENABLE_DEBUG_INFO = INCLUDE_SOURCE;
				MTL_FAST_MATH = YES;
				ONLY_ACTIVE_ARCH = YES;
				SDKROOT = macosx;
				SWIFT_ACTIVE_COMPILATION_CONDITIONS = DEBUG;
				SWIFT_OPTIMIZATION_LEVEL = "-Onone";
			};
			name = Debug;
		};
		63366A4C2263ADEA002FA4C2 /* Release */ = {
			isa = XCBuildConfiguration;
			buildSettings = {
				ALWAYS_SEARCH_USER_PATHS = NO;
				CLANG_ANALYZER_NONNULL = YES;
				CLANG_ANALYZER_NUMBER_OBJECT_CONVERSION = YES_AGGRESSIVE;
				CLANG_CXX_LANGUAGE_STANDARD = "gnu++14";
				CLANG_CXX_LIBRARY = "libc++";
				CLANG_ENABLE_MODULES = YES;
				CLANG_ENABLE_OBJC_ARC = YES;
				CLANG_ENABLE_OBJC_WEAK = YES;
				CLANG_WARN_BLOCK_CAPTURE_AUTORELEASING = YES;
				CLANG_WARN_BOOL_CONVERSION = YES;
				CLANG_WARN_COMMA = YES;
				CLANG_WARN_CONSTANT_CONVERSION = YES;
				CLANG_WARN_DEPRECATED_OBJC_IMPLEMENTATIONS = YES;
				CLANG_WARN_DIRECT_OBJC_ISA_USAGE = YES_ERROR;
				CLANG_WARN_DOCUMENTATION_COMMENTS = YES;
				CLANG_WARN_EMPTY_BODY = YES;
				CLANG_WARN_ENUM_CONVERSION = YES;
				CLANG_WARN_INFINITE_RECURSION = YES;
				CLANG_WARN_INT_CONVERSION = YES;
				CLANG_WARN_NON_LITERAL_NULL_CONVERSION = YES;
				CLANG_WARN_OBJC_IMPLICIT_RETAIN_SELF = YES;
				CLANG_WARN_OBJC_LITERAL_CONVERSION = YES;
				CLANG_WARN_OBJC_ROOT_CLASS = YES_ERROR;
				CLANG_WARN_RANGE_LOOP_ANALYSIS = YES;
				CLANG_WARN_STRICT_PROTOTYPES = YES;
				CLANG_WARN_SUSPICIOUS_MOVE = YES;
				CLANG_WARN_UNGUARDED_AVAILABILITY = YES_AGGRESSIVE;
				CLANG_WARN_UNREACHABLE_CODE = YES;
				CLANG_WARN__DUPLICATE_METHOD_MATCH = YES;
				CODE_SIGN_IDENTITY = "Mac Developer";
				COPY_PHASE_STRIP = NO;
				DEBUG_INFORMATION_FORMAT = "dwarf-with-dsym";
				ENABLE_NS_ASSERTIONS = NO;
				ENABLE_STRICT_OBJC_MSGSEND = YES;
				GCC_C_LANGUAGE_STANDARD = gnu11;
				GCC_NO_COMMON_BLOCKS = YES;
				GCC_WARN_64_TO_32_BIT_CONVERSION = YES;
				GCC_WARN_ABOUT_RETURN_TYPE = YES_ERROR;
				GCC_WARN_UNDECLARED_SELECTOR = YES;
				GCC_WARN_UNINITIALIZED_AUTOS = YES_AGGRESSIVE;
				GCC_WARN_UNUSED_FUNCTION = YES;
				GCC_WARN_UNUSED_VARIABLE = YES;
				MACOSX_DEPLOYMENT_TARGET = 10.14;
				MTL_ENABLE_DEBUG_INFO = NO;
				MTL_FAST_MATH = YES;
				SDKROOT = macosx;
				SWIFT_COMPILATION_MODE = wholemodule;
				SWIFT_OPTIMIZATION_LEVEL = "-O";
			};
			name = Release;
		};
		63366A4E2263ADEA002FA4C2 /* Debug */ = {
			isa = XCBuildConfiguration;
			buildSettings = {
				ASSETCATALOG_COMPILER_APPICON_NAME = AppIcon;
				CODE_SIGN_STYLE = Automatic;
				COMBINE_HIDPI_IMAGES = YES;
				DEVELOPMENT_TEAM = 5CBV2PEH36;
				FRAMEWORK_SEARCH_PATHS = (
					"$(inherited)",
					"$(PROJECT_DIR)/Carthage/Build/Mac",
				);
				INFOPLIST_FILE = Coral/Info.plist;
				LD_RUNPATH_SEARCH_PATHS = (
					"$(inherited)",
					"@executable_path/../Frameworks",
				);
				PRODUCT_BUNDLE_IDENTIFIER = com.fISH.Coral;
				PRODUCT_NAME = "$(TARGET_NAME)";
				SWIFT_VERSION = 5.0;
			};
			name = Debug;
		};
		63366A4F2263ADEA002FA4C2 /* Release */ = {
			isa = XCBuildConfiguration;
			buildSettings = {
				ASSETCATALOG_COMPILER_APPICON_NAME = AppIcon;
				CODE_SIGN_STYLE = Automatic;
				COMBINE_HIDPI_IMAGES = YES;
				DEVELOPMENT_TEAM = 5CBV2PEH36;
				FRAMEWORK_SEARCH_PATHS = (
					"$(inherited)",
					"$(PROJECT_DIR)/Carthage/Build/Mac",
				);
				INFOPLIST_FILE = Coral/Info.plist;
				LD_RUNPATH_SEARCH_PATHS = (
					"$(inherited)",
					"@executable_path/../Frameworks",
				);
				PRODUCT_BUNDLE_IDENTIFIER = com.fISH.Coral;
				PRODUCT_NAME = "$(TARGET_NAME)";
				SWIFT_VERSION = 5.0;
			};
			name = Release;
		};
/* End XCBuildConfiguration section */

/* Begin XCConfigurationList section */
		63366A362263ADE9002FA4C2 /* Build configuration list for PBXProject "Coral" */ = {
			isa = XCConfigurationList;
			buildConfigurations = (
				63366A4B2263ADEA002FA4C2 /* Debug */,
				63366A4C2263ADEA002FA4C2 /* Release */,
			);
			defaultConfigurationIsVisible = 0;
			defaultConfigurationName = Release;
		};
		63366A4D2263ADEA002FA4C2 /* Build configuration list for PBXNativeTarget "Coral" */ = {
			isa = XCConfigurationList;
			buildConfigurations = (
				63366A4E2263ADEA002FA4C2 /* Debug */,
				63366A4F2263ADEA002FA4C2 /* Release */,
			);
			defaultConfigurationIsVisible = 0;
			defaultConfigurationName = Release;
		};
/* End XCConfigurationList section */
	};
	rootObject = 63366A332263ADE9002FA4C2 /* Project object */;
}
